// !$*UTF8*$!
{
	archiveVersion = 1;
	classes = {
	};
	objectVersion = 50;
	objects = {

/* Begin PBXBuildFile section */
		9E64499E26B82A730060C5D2 /* PlaySoundsViewController+Audio.swift in Sources */ = {isa = PBXBuildFile; fileRef = 9E64499D26B82A730060C5D2 /* PlaySoundsViewController+Audio.swift */; };
		9E7D26AC26B195A9001A4F24 /* PlaySoundViewController.swift in Sources */ = {isa = PBXBuildFile; fileRef = 9E7D26AB26B195A9001A4F24 /* PlaySoundViewController.swift */; };
		9ED537992680C4BF0032A08A /* AppDelegate.swift in Sources */ = {isa = PBXBuildFile; fileRef = 9ED537982680C4BF0032A08A /* AppDelegate.swift */; };
		9ED5379B2680C4BF0032A08A /* SceneDelegate.swift in Sources */ = {isa = PBXBuildFile; fileRef = 9ED5379A2680C4BF0032A08A /* SceneDelegate.swift */; };
		9ED5379D2680C4BF0032A08A /* RecordSoundsViewController.swift in Sources */ = {isa = PBXBuildFile; fileRef = 9ED5379C2680C4BF0032A08A /* RecordSoundsViewController.swift */; };
		9ED537A02680C4BF0032A08A /* Main.storyboard in Resources */ = {isa = PBXBuildFile; fileRef = 9ED5379E2680C4BF0032A08A /* Main.storyboard */; };
		9ED537A22680C4C00032A08A /* Assets.xcassets in Resources */ = {isa = PBXBuildFile; fileRef = 9ED537A12680C4C00032A08A /* Assets.xcassets */; };
		9ED537A52680C4C00032A08A /* LaunchScreen.storyboard in Resources */ = {isa = PBXBuildFile; fileRef = 9ED537A32680C4C00032A08A /* LaunchScreen.storyboard */; };
/* End PBXBuildFile section */

/* Begin PBXFileReference section */
		9E64499D26B82A730060C5D2 /* PlaySoundsViewController+Audio.swift */ = {isa = PBXFileReference; fileEncoding = 4; lastKnownFileType = sourcecode.swift; name = "PlaySoundsViewController+Audio.swift"; path = "../../Supporting Material/PlaySoundsViewController+Audio.swift"; sourceTree = "<group>"; };
		9E7D26AB26B195A9001A4F24 /* PlaySoundViewController.swift */ = {isa = PBXFileReference; lastKnownFileType = sourcecode.swift; path = PlaySoundViewController.swift; sourceTree = "<group>"; };
		9ED537952680C4BF0032A08A /* Pitch_Perfect.app */ = {isa = PBXFileReference; explicitFileType = wrapper.application; includeInIndex = 0; path = Pitch_Perfect.app; sourceTree = BUILT_PRODUCTS_DIR; };
		9ED537982680C4BF0032A08A /* AppDelegate.swift */ = {isa = PBXFileReference; lastKnownFileType = sourcecode.swift; path = AppDelegate.swift; sourceTree = "<group>"; };
		9ED5379A2680C4BF0032A08A /* SceneDelegate.swift */ = {isa = PBXFileReference; lastKnownFileType = sourcecode.swift; path = SceneDelegate.swift; sourceTree = "<group>"; };
		9ED5379C2680C4BF0032A08A /* RecordSoundsViewController.swift */ = {isa = PBXFileReference; lastKnownFileType = sourcecode.swift; path = RecordSoundsViewController.swift; sourceTree = "<group>"; };
		9ED5379F2680C4BF0032A08A /* Base */ = {isa = PBXFileReference; lastKnownFileType = file.storyboard; name = Base; path = Base.lproj/Main.storyboard; sourceTree = "<group>"; };
		9ED537A12680C4C00032A08A /* Assets.xcassets */ = {isa = PBXFileReference; lastKnownFileType = folder.assetcatalog; path = Assets.xcassets; sourceTree = "<group>"; };
		9ED537A42680C4C00032A08A /* Base */ = {isa = PBXFileReference; lastKnownFileType = file.storyboard; name = Base; path = Base.lproj/LaunchScreen.storyboard; sourceTree = "<group>"; };
		9ED537A62680C4C00032A08A /* Info.plist */ = {isa = PBXFileReference; lastKnownFileType = text.plist.xml; path = Info.plist; sourceTree = "<group>"; };
/* End PBXFileReference section */

/* Begin PBXFrameworksBuildPhase section */
		9ED537922680C4BF0032A08A /* Frameworks */ = {
			isa = PBXFrameworksBuildPhase;
			buildActionMask = 2147483647;
			files = (
			);
			runOnlyForDeploymentPostprocessing = 0;
		};
/* End PBXFrameworksBuildPhase section */

/* Begin PBXGroup section */
		9ED5378C2680C4BF0032A08A = {
			isa = PBXGroup;
			children = (
				9ED537972680C4BF0032A08A /* Pitch_Perfect */,
				9ED537962680C4BF0032A08A /* Products */,
			);
			sourceTree = "<group>";
		};
		9ED537962680C4BF0032A08A /* Products */ = {
			isa = PBXGroup;
			children = (
				9ED537952680C4BF0032A08A /* Pitch_Perfect.app */,
			);
			name = Products;
			sourceTree = "<group>";
		};
		9ED537972680C4BF0032A08A /* Pitch_Perfect */ = {
			isa = PBXGroup;
			children = (
				9ED537982680C4BF0032A08A /* AppDelegate.swift */,
				9ED5379A2680C4BF0032A08A /* SceneDelegate.swift */,
				9ED5379C2680C4BF0032A08A /* RecordSoundsViewController.swift */,
				9ED5379E2680C4BF0032A08A /* Main.storyboard */,
				9ED537A12680C4C00032A08A /* Assets.xcassets */,
				9ED537A32680C4C00032A08A /* LaunchScreen.storyboard */,
				9ED537A62680C4C00032A08A /* Info.plist */,
				9E7D26AB26B195A9001A4F24 /* PlaySoundViewController.swift */,
				9E64499D26B82A730060C5D2 /* PlaySoundsViewController+Audio.swift */,
			);
			path = Pitch_Perfect;
			sourceTree = "<group>";
		};
/* End PBXGroup section */

/* Begin PBXNativeTarget section */
		9ED537942680C4BF0032A08A /* Pitch_Perfect */ = {
			isa = PBXNativeTarget;
			buildConfigurationList = 9ED537A92680C4C00032A08A /* Build configuration list for PBXNativeTarget "Pitch_Perfect" */;
			buildPhases = (
				9ED537912680C4BF0032A08A /* Sources */,
				9ED537922680C4BF0032A08A /* Frameworks */,
				9ED537932680C4BF0032A08A /* Resources */,
			);
			buildRules = (
			);
			dependencies = (
			);
			name = Pitch_Perfect;
			productName = Pitch_Perfect;
			productReference = 9ED537952680C4BF0032A08A /* Pitch_Perfect.app */;
			productType = "com.apple.product-type.application";
		};
/* End PBXNativeTarget section */

/* Begin PBXProject section */
		9ED5378D2680C4BF0032A08A /* Project object */ = {
			isa = PBXProject;
			attributes = {
				LastSwiftUpdateCheck = 1230;
				LastUpgradeCheck = 1230;
				TargetAttributes = {
					9ED537942680C4BF0032A08A = {
						CreatedOnToolsVersion = 12.3;
					};
				};
			};
			buildConfigurationList = 9ED537902680C4BF0032A08A /* Build configuration list for PBXProject "Pitch_Perfect" */;
			compatibilityVersion = "Xcode 9.3";
			developmentRegion = en;
			hasScannedForEncodings = 0;
			knownRegions = (
				en,
				Base,
			);
			mainGroup = 9ED5378C2680C4BF0032A08A;
			productRefGroup = 9ED537962680C4BF0032A08A /* Products */;
			projectDirPath = "";
			projectRoot = "";
			targets = (
				9ED537942680C4BF0032A08A /* Pitch_Perfect */,
			);
		};
/* End PBXProject section */

/* Begin PBXResourcesBuildPhase section */
		9ED537932680C4BF0032A08A /* Resources */ = {
			isa = PBXResourcesBuildPhase;
			buildActionMask = 2147483647;
			files = (
				9ED537A52680C4C00032A08A /* LaunchScreen.storyboard in Resources */,
				9ED537A22680C4C00032A08A /* Assets.xcassets in Resources */,
				9ED537A02680C4BF0032A08A /* Main.storyboard in Resources */,
			);
			runOnlyForDeploymentPostprocessing = 0;
		};
/* End PBXResourcesBuildPhase section */

/* Begin PBXSourcesBuildPhase section */
		9ED537912680C4BF0032A08A /* Sources */ = {
			isa = PBXSourcesBuildPhase;
			buildActionMask = 2147483647;
			files = (
				9E64499E26B82A730060C5D2 /* PlaySoundsViewController+Audio.swift in Sources */,
				9ED5379D2680C4BF0032A08A /* RecordSoundsViewController.swift in Sources */,
				9ED537992680C4BF0032A08A /* AppDelegate.swift in Sources */,
				9E7D26AC26B195A9001A4F24 /* PlaySoundViewController.swift in Sources */,
				9ED5379B2680C4BF0032A08A /* SceneDelegate.swift in Sources */,
			);
			runOnlyForDeploymentPostprocessing = 0;
		};
/* End PBXSourcesBuildPhase section */

/* Begin PBXVariantGroup section */
		9ED5379E2680C4BF0032A08A /* Main.storyboard */ = {
			isa = PBXVariantGroup;
			children = (
				9ED5379F2680C4BF0032A08A /* Base */,
			);
			name = Main.storyboard;
			sourceTree = "<group>";
		};
		9ED537A32680C4C00032A08A /* LaunchScreen.storyboard */ = {
			isa = PBXVariantGroup;
			children = (
				9ED537A42680C4C00032A08A /* Base */,
			);
			name = LaunchScreen.storyboard;
			sourceTree = "<group>";
		};
/* End PBXVariantGroup section */

/* Begin XCBuildConfiguration section */
		9ED537A72680C4C00032A08A /* Debug */ = {
			isa = XCBuildConfiguration;
			buildSettings = {
				ALWAYS_SEARCH_USER_PATHS = NO;
				CLANG_ANALYZER_NONNULL = YES;
				CLANG_ANALYZER_NUMBER_OBJECT_CONVERSION = YES_AGGRESSIVE;
				CLANG_CXX_LANGUAGE_STANDARD = "gnu++14";
				CLANG_CXX_LIBRARY = "libc++";
				CLANG_ENABLE_MODULES = YES;
				CLANG_ENABLE_OBJC_ARC = YES;
				CLANG_ENABLE_OBJC_WEAK = YES;
				CLANG_WARN_BLOCK_CAPTURE_AUTORELEASING = YES;
				CLANG_WARN_BOOL_CONVERSION = YES;
				CLANG_WARN_COMMA = YES;
				CLANG_WARN_CONSTANT_CONVERSION = YES;
				CLANG_WARN_DEPRECATED_OBJC_IMPLEMENTATIONS = YES;
				CLANG_WARN_DIRECT_OBJC_ISA_USAGE = YES_ERROR;
				CLANG_WARN_DOCUMENTATION_COMMENTS = YES;
				CLANG_WARN_EMPTY_BODY = YES;
				CLANG_WARN_ENUM_CONVERSION = YES;
				CLANG_WARN_INFINITE_RECURSION = YES;
				CLANG_WARN_INT_CONVERSION = YES;
				CLANG_WARN_NON_LITERAL_NULL_CONVERSION = YES;
				CLANG_WARN_OBJC_IMPLICIT_RETAIN_SELF = YES;
				CLANG_WARN_OBJC_LITERAL_CONVERSION = YES;
				CLANG_WARN_OBJC_ROOT_CLASS = YES_ERROR;
				CLANG_WARN_QUOTED_INCLUDE_IN_FRAMEWORK_HEADER = YES;
				CLANG_WARN_RANGE_LOOP_ANALYSIS = YES;
				CLANG_WARN_STRICT_PROTOTYPES = YES;
				CLANG_WARN_SUSPICIOUS_MOVE = YES;
				CLANG_WARN_UNGUARDED_AVAILABILITY = YES_AGGRESSIVE;
				CLANG_WARN_UNREACHABLE_CODE = YES;
				CLANG_WARN__DUPLICATE_METHOD_MATCH = YES;
				COPY_PHASE_STRIP = NO;
				DEBUG_INFORMATION_FORMAT = dwarf;
				ENABLE_STRICT_OBJC_MSGSEND = YES;
				ENABLE_TESTABILITY = YES;
				GCC_C_LANGUAGE_STANDARD = gnu11;
				GCC_DYNAMIC_NO_PIC = NO;
				GCC_NO_COMMON_BLOCKS = YES;
				GCC_OPTIMIZATION_LEVEL = 0;
				GCC_PREPROCESSOR_DEFINITIONS = (
					"DEBUG=1",
					"$(inherited)",
				);
				GCC_WARN_64_TO_32_BIT_CONVERSION = YES;
				GCC_WARN_ABOUT_RETURN_TYPE = YES_ERROR;
				GCC_WARN_UNDECLARED_SELECTOR = YES;
				GCC_WARN_UNINITIALIZED_AUTOS = YES_AGGRESSIVE;
				GCC_WARN_UNUSED_FUNCTION = YES;
				GCC_WARN_UNUSED_VARIABLE = YES;
				IPHONEOS_DEPLOYMENT_TARGET = 14.3;
				MTL_ENABLE_DEBUG_INFO = INCLUDE_SOURCE;
				MTL_FAST_MATH = YES;
				ONLY_ACTIVE_ARCH = YES;
				SDKROOT = iphoneos;
				SWIFT_ACTIVE_COMPILATION_CONDITIONS = DEBUG;
				SWIFT_OPTIMIZATION_LEVEL = "-Onone";
			};
			name = Debug;
		};
		9ED537A82680C4C00032A08A /* Release */ = {
			isa = XCBuildConfiguration;
			buildSettings = {
				ALWAYS_SEARCH_USER_PATHS = NO;
				CLANG_ANALYZER_NONNULL = YES;
				CLANG_ANALYZER_NUMBER_OBJECT_CONVERSION = YES_AGGRESSIVE;
				CLANG_CXX_LANGUAGE_STANDARD = "gnu++14";
				CLANG_CXX_LIBRARY = "libc++";
				CLANG_ENABLE_MODULES = YES;
				CLANG_ENABLE_OBJC_ARC = YES;
				CLANG_ENABLE_OBJC_WEAK = YES;
				CLANG_WARN_BLOCK_CAPTURE_AUTORELEASING = YES;
				CLANG_WARN_BOOL_CONVERSION = YES;
				CLANG_WARN_COMMA = YES;
				CLANG_WARN_CONSTANT_CONVERSION = YES;
				CLANG_WARN_DEPRECATED_OBJC_IMPLEMENTATIONS = YES;
				CLANG_WARN_DIRECT_OBJC_ISA_USAGE = YES_ERROR;
				CLANG_WARN_DOCUMENTATION_COMMENTS = YES;
				CLANG_WARN_EMPTY_BODY = YES;
				CLANG_WARN_ENUM_CONVERSION = YES;
				CLANG_WARN_INFINITE_RECURSION = YES;
				CLANG_WARN_INT_CONVERSION = YES;
				CLANG_WARN_NON_LITERAL_NULL_CONVERSION = YES;
				CLANG_WARN_OBJC_IMPLICIT_RETAIN_SELF = YES;
				CLANG_WARN_OBJC_LITERAL_CONVERSION = YES;
				CLANG_WARN_OBJC_ROOT_CLASS = YES_ERROR;
				CLANG_WARN_QUOTED_INCLUDE_IN_FRAMEWORK_HEADER = YES;
				CLANG_WARN_RANGE_LOOP_ANALYSIS = YES;
				CLANG_WARN_STRICT_PROTOTYPES = YES;
				CLANG_WARN_SUSPICIOUS_MOVE = YES;
				CLANG_WARN_UNGUARDED_AVAILABILITY = YES_AGGRESSIVE;
				CLANG_WARN_UNREACHABLE_CODE = YES;
				CLANG_WARN__DUPLICATE_METHOD_MATCH = YES;
				COPY_PHASE_STRIP = NO;
				DEBUG_INFORMATION_FORMAT = "dwarf-with-dsym";
				ENABLE_NS_ASSERTIONS = NO;
				ENABLE_STRICT_OBJC_MSGSEND = YES;
				GCC_C_LANGUAGE_STANDARD = gnu11;
				GCC_NO_COMMON_BLOCKS = YES;
				GCC_WARN_64_TO_32_BIT_CONVERSION = YES;
				GCC_WARN_ABOUT_RETURN_TYPE = YES_ERROR;
				GCC_WARN_UNDECLARED_SELECTOR = YES;
				GCC_WARN_UNINITIALIZED_AUTOS = YES_AGGRESSIVE;
				GCC_WARN_UNUSED_FUNCTION = YES;
				GCC_WARN_UNUSED_VARIABLE = YES;
				IPHONEOS_DEPLOYMENT_TARGET = 14.3;
				MTL_ENABLE_DEBUG_INFO = NO;
				MTL_FAST_MATH = YES;
				SDKROOT = iphoneos;
				SWIFT_COMPILATION_MODE = wholemodule;
				SWIFT_OPTIMIZATION_LEVEL = "-O";
				VALIDATE_PRODUCT = YES;
			};
			name = Release;
		};
		9ED537AA2680C4C00032A08A /* Debug */ = {
			isa = XCBuildConfiguration;
			buildSettings = {
				ASSETCATALOG_COMPILER_APPICON_NAME = AppIcon;
				ASSETCATALOG_COMPILER_GLOBAL_ACCENT_COLOR_NAME = AccentColor;
				CODE_SIGN_STYLE = Automatic;
				DEVELOPMENT_TEAM = Q2734LC9HH;
				INFOPLIST_FILE = Pitch_Perfect/Info.plist;
				LD_RUNPATH_SEARCH_PATHS = (
					"$(inherited)",
					"@executable_path/Frameworks",
				);
				PRODUCT_BUNDLE_IDENTIFIER = "Soyeon-Kim.Pitch-Perfect";
				PRODUCT_NAME = "$(TARGET_NAME)";
				SWIFT_VERSION = 5.0;
				TARGETED_DEVICE_FAMILY = "1,2";
			};
			name = Debug;
		};
		9ED537AB2680C4C00032A08A /* Release */ = {
			isa = XCBuildConfiguration;
			buildSettings = {
				ASSETCATALOG_COMPILER_APPICON_NAME = AppIcon;
				ASSETCATALOG_COMPILER_GLOBAL_ACCENT_COLOR_NAME = AccentColor;
				CODE_SIGN_STYLE = Automatic;
				DEVELOPMENT_TEAM = Q2734LC9HH;
				INFOPLIST_FILE = Pitch_Perfect/Info.plist;
				LD_RUNPATH_SEARCH_PATHS = (
					"$(inherited)",
					"@executable_path/Frameworks",
				);
				PRODUCT_BUNDLE_IDENTIFIER = "Soyeon-Kim.Pitch-Perfect";
				PRODUCT_NAME = "$(TARGET_NAME)";
				SWIFT_VERSION = 5.0;
				TARGETED_DEVICE_FAMILY = "1,2";
			};
			name = Release;
		};
/* End XCBuildConfiguration section */

/* Begin XCConfigurationList section */
		9ED537902680C4BF0032A08A /* Build configuration list for PBXProject "Pitch_Perfect" */ = {
			isa = XCConfigurationList;
			buildConfigurations = (
				9ED537A72680C4C00032A08A /* Debug */,
				9ED537A82680C4C00032A08A /* Release */,
			);
			defaultConfigurationIsVisible = 0;
			defaultConfigurationName = Release;
		};
		9ED537A92680C4C00032A08A /* Build configuration list for PBXNativeTarget "Pitch_Perfect" */ = {
			isa = XCConfigurationList;
			buildConfigurations = (
				9ED537AA2680C4C00032A08A /* Debug */,
				9ED537AB2680C4C00032A08A /* Release */,
			);
			defaultConfigurationIsVisible = 0;
			defaultConfigurationName = Release;
		};
/* End XCConfigurationList section */
	};
	rootObject = 9ED5378D2680C4BF0032A08A /* Project object */;
}
